Microsoft Visual Studio Solution File, Format Version 12.00
# Visual Studio Version 17
VisualStudioVersion = 17.8.34330.188
MinimumVisualStudioVersion = 10.0.40219.1
Project("{2150E333-8FDC-42A3-9474-1A3956D46DE8}") = "src", "src", "{AFAA0841-BD93-466F-B8F4-FB4EEC86F1FC}"
EndProject
Project("{2150E333-8FDC-42A3-9474-1A3956D46DE8}") = "test", "test", "{F10AA149-2626-486E-85BB-9CD5365F3016}"
EndProject
Project("{9A19103F-16F7-4668-BE54-9A1E7A4F7556}") = "Eaf.Str.Web.Host", "src\Eaf.Str.Web.Host\Eaf.Str.Web.Host.csproj", "{9FC37C62-2105-4D32-9724-7323B959504B}"
EndProject
Project("{9A19103F-16F7-4668-BE54-9A1E7A4F7556}") = "Eaf.Str.Core", "src\Eaf.Str.Core\Eaf.Str.Core.csproj", "{0FA75A5B-AB83-4FD0-B545-279774C01E87}"
EndProject
Project("{9A19103F-16F7-4668-BE54-9A1E7A4F7556}") = "Eaf.Str.Application", "src\Eaf.Str.Application\Eaf.Str.Application.csproj", "{3870C648-4AEA-4B85-BA3F-F2F63B96136A}"
EndProject
Project("{9A19103F-16F7-4668-BE54-9A1E7A4F7556}") = "Eaf.Str.Tests", "test\Eaf.Str.Tests\Eaf.Str.Tests.csproj", "{0D4C5D00-C144-4213-A007-4B8944113AB1}"
EndProject
Project("{9A19103F-16F7-4668-BE54-9A1E7A4F7556}") = "Eaf.Str.Migrator", "src\Eaf.Str.Migrator\Eaf.Str.Migrator.csproj", "{7CAD3713-812A-4DE1-BDE3-59225B1E430A}"
EndProject
Project("{9A19103F-16F7-4668-BE54-9A1E7A4F7556}") = "Eaf.Str.EntityFrameworkCore", "src\Eaf.Str.EntityFrameworkCore\Eaf.Str.EntityFrameworkCore.csproj", "{A229F7D5-EE83-462E-8642-E9A2D5EA90FE}"
EndProject
Project("{2150E333-8FDC-42A3-9474-1A3956D46DE8}") = "Solution Items", "Solution Items", "{D04D9608-9CEB-4E0A-B548-410F7475E9F1}"
	ProjectSection(SolutionItems) = preProject
		common.props = common.props
	EndProjectSection
EndProject
Project("{9A19103F-16F7-4668-BE54-9A1E7A4F7556}") = "Eaf.Str.Test.Base", "test\Eaf.Str.Tests.Base\Eaf.Str.Test.Base.csproj", "{32E9A551-7B0E-4D9E-B7CF-720A9550ADFD}"
EndProject
Project("{9A19103F-16F7-4668-BE54-9A1E7A4F7556}") = "Eaf.Str.ConsoleApiClient", "test\Eaf.Str.ConsoleApiClient\Eaf.Str.ConsoleApiClient.csproj", "{BD02FF1C-6E0A-4127-AA2E-804019F89A99}"
EndProject
Project("{2150E333-8FDC-42A3-9474-1A3956D46DE8}") = "EAFSrc", "EAFSrc", "{A521AA20-9927-4910-A701-14658DA49CC5}"
EndProject
Project("{9A19103F-16F7-4668-BE54-9A1E7A4F7556}") = "Eaf", "..\EAF\src\Eaf\Eaf.csproj", "{9E2F6F7C-E92D-4C54-AD1A-A5BC52DFFEA0}"
EndProject
Project("{9A19103F-16F7-4668-BE54-9A1E7A4F7556}") = "Eaf.AspNetCore", "..\EAF\src\Eaf.AspNetCore\Eaf.AspNetCore.csproj", "{8694A08E-53B4-47A4-AE26-A9DDB1920D76}"
EndProject
Project("{9A19103F-16F7-4668-BE54-9A1E7A4F7556}") = "Eaf.AspNetCore.OData", "..\EAF\src\Eaf.AspNetCore.OData\Eaf.AspNetCore.OData.csproj", "{EF9C7BF5-529B-4985-9C35-09C0F8F4DF9D}"
EndProject
Project("{9A19103F-16F7-4668-BE54-9A1E7A4F7556}") = "Eaf.AspNetCore.PerRequestRedisCache", "..\EAF\src\Eaf.AspNetCore.PerRequestRedisCache\Eaf.AspNetCore.PerRequestRedisCache.csproj", "{963F2625-007F-4E12-AD35-D9BD35C57B18}"
EndProject
Project("{9A19103F-16F7-4668-BE54-9A1E7A4F7556}") = "Eaf.AspNetCore.SignalR", "..\EAF\src\Eaf.AspNetCore.SignalR\Eaf.AspNetCore.SignalR.csproj", "{4277C416-570F-440F-8E63-0F2510AA40E6}"
EndProject
Project("{9A19103F-16F7-4668-BE54-9A1E7A4F7556}") = "Eaf.AspNetCore.TestBase", "..\EAF\src\Eaf.AspNetCore.TestBase\Eaf.AspNetCore.TestBase.csproj", "{33D0F426-C8AF-4A4C-A4A9-E77D90C51D16}"
EndProject
Project("{9A19103F-16F7-4668-BE54-9A1E7A4F7556}") = "Eaf.AutoMapper", "..\EAF\src\Eaf.AutoMapper\Eaf.AutoMapper.csproj", "{0F96C938-F354-4D6A-A879-DE42DCF45FE7}"
EndProject
Project("{9A19103F-16F7-4668-BE54-9A1E7A4F7556}") = "Eaf.Castle.Log4Net", "..\EAF\src\Eaf.Castle.Log4Net\Eaf.Castle.Log4Net.csproj", "{DFE10BF4-A550-469D-A31A-CC17FD2BC5B7}"
EndProject
Project("{9A19103F-16F7-4668-BE54-9A1E7A4F7556}") = "Eaf.Castle.Serilog", "..\EAF\src\Eaf.Castle.Serilog\Eaf.Castle.Serilog.csproj", "{DD0697B2-6759-47F7-9FCB-4B16ACB604F8}"
EndProject
Project("{9A19103F-16F7-4668-BE54-9A1E7A4F7556}") = "Eaf.Dapper", "..\EAF\src\Eaf.Dapper\Eaf.Dapper.csproj", "{17D5F200-EC21-41D2-B9F2-1B0D2B559127}"
EndProject
Project("{9A19103F-16F7-4668-BE54-9A1E7A4F7556}") = "Eaf.EntityFramework.Common", "..\EAF\src\Eaf.EntityFramework.Common\Eaf.EntityFramework.Common.csproj", "{CA045E12-7455-423C-93D1-F57B95C1DAB0}"
EndProject
Project("{9A19103F-16F7-4668-BE54-9A1E7A4F7556}") = "Eaf.EntityFrameworkCore", "..\EAF\src\Eaf.EntityFrameworkCore\Eaf.EntityFrameworkCore.csproj", "{1483F91E-B51F-49D7-9E73-19D0A7175A37}"
EndProject
Project("{9A19103F-16F7-4668-BE54-9A1E7A4F7556}") = "Eaf.FluentValidation", "..\EAF\src\Eaf.FluentValidation\Eaf.FluentValidation.csproj", "{224F7927-C100-4ABE-A8D4-6AE700DBC22A}"
EndProject
Project("{9A19103F-16F7-4668-BE54-9A1E7A4F7556}") = "Eaf.HangFire.AspNetCore", "..\EAF\src\Eaf.HangFire.AspNetCore\Eaf.HangFire.AspNetCore.csproj", "{4FF331FA-F4B3-4C0A-98C2-202B2662AA78}"
EndProject
Project("{9A19103F-16F7-4668-BE54-9A1E7A4F7556}") = "Eaf.Log4NetServiceBus", "..\EAF\src\Eaf.Log4NetServiceBus\Eaf.Log4NetServiceBus.csproj", "{7F20E551-6809-4D40-8D5B-27625B3302DE}"
EndProject
Project("{9A19103F-16F7-4668-BE54-9A1E7A4F7556}") = "Eaf.MailKit", "..\EAF\src\Eaf.MailKit\Eaf.MailKit.csproj", "{D510E0D8-EAFA-470D-93ED-96BCC0B600AB}"
EndProject
Project("{9A19103F-16F7-4668-BE54-9A1E7A4F7556}") = "Eaf.MemoryDb", "..\EAF\src\Eaf.MemoryDb\Eaf.MemoryDb.csproj", "{ACB7E2F5-E7EC-49A0-B25F-4356B91C8881}"
EndProject
Project("{9A19103F-16F7-4668-BE54-9A1E7A4F7556}") = "Eaf.Middleware.Application", "..\EAF\src\Eaf.Middleware.Application\Eaf.Middleware.Application.csproj", "{245504EE-FB0F-40E8-9E8C-B50329E1B0AC}"
EndProject
Project("{9A19103F-16F7-4668-BE54-9A1E7A4F7556}") = "Eaf.Middleware.AzureActiveDirectory", "..\EAF\src\Eaf.Middleware.AzureActiveDirectory\Eaf.Middleware.AzureActiveDirectory.csproj", "{4C3C3907-083F-45B8-B019-E61AEF40D616}"
EndProject
Project("{9A19103F-16F7-4668-BE54-9A1E7A4F7556}") = "Eaf.Middleware.Common", "..\EAF\src\Eaf.Middleware.Common\Eaf.Middleware.Common.csproj", "{1ABED069-B883-4D5B-8616-E0897CC46661}"
EndProject
Project("{9A19103F-16F7-4668-BE54-9A1E7A4F7556}") = "Eaf.Middleware.Core", "..\EAF\src\Eaf.Middleware.Core\Eaf.Middleware.Core.csproj", "{A7282D84-F2A1-4CF2-9457-9425F956A9CB}"
EndProject
Project("{9A19103F-16F7-4668-BE54-9A1E7A4F7556}") = "Eaf.Middleware.Ldap", "..\EAF\src\Eaf.Middleware.Ldap\Eaf.Middleware.Ldap.csproj", "{3E805201-04BF-47E0-87F3-1BD11A441617}"
EndProject
Project("{9A19103F-16F7-4668-BE54-9A1E7A4F7556}") = "Eaf.Middleware.Web.Core", "..\EAF\src\Eaf.Middleware.Web.Core\Eaf.Middleware.Web.Core.csproj", "{D27347FA-BA7C-45E3-BC2C-237CF50FAE2F}"
EndProject
Project("{9A19103F-16F7-4668-BE54-9A1E7A4F7556}") = "Eaf.MiddlewareCore", "..\EAF\src\Eaf.MiddlewareCore\Eaf.MiddlewareCore.csproj", "{9194B156-A547-4140-8600-E921D2522C85}"
EndProject
Project("{9A19103F-16F7-4668-BE54-9A1E7A4F7556}") = "Eaf.MiddlewareCore.EntityFrameworkCore", "..\EAF\src\Eaf.MiddlewareCore.EntityFrameworkCore\Eaf.MiddlewareCore.EntityFrameworkCore.csproj", "{9D5EF58D-BC34-4049-8768-8F2373C32EA5}"
EndProject
Project("{9A19103F-16F7-4668-BE54-9A1E7A4F7556}") = "Eaf.RedisCache", "..\EAF\src\Eaf.RedisCache\Eaf.RedisCache.csproj", "{07FCB38C-9864-486D-A1DA-379E5CAD512A}"
EndProject
Project("{9A19103F-16F7-4668-BE54-9A1E7A4F7556}") = "Eaf.RedisCache.ProtoBuf", "..\EAF\src\Eaf.RedisCache.ProtoBuf\Eaf.RedisCache.ProtoBuf.csproj", "{5F446B7F-4221-4277-BCB8-F8D3C7E374FA}"
EndProject
Project("{9A19103F-16F7-4668-BE54-9A1E7A4F7556}") = "Eaf.TestBase", "..\EAF\src\Eaf.TestBase\Eaf.TestBase.csproj", "{DC9D144E-B9C4-46DA-8665-D806A81BC40B}"
EndProject
Project("{9A19103F-16F7-4668-BE54-9A1E7A4F7556}") = "Eaf.Web.Common", "..\EAF\src\Eaf.Web.Common\Eaf.Web.Common.csproj", "{63C7DFD2-CC5B-47AD-8C1A-FB0C78FD44A8}"
EndProject
Project("{9A19103F-16F7-4668-BE54-9A1E7A4F7556}") = "Eaf.TextTemplating", "..\EAF\src\Eaf.TextTemplating\Eaf.TextTemplating.csproj", "{7A618B2F-7803-4B94-892E-9C1BC1ED9BF4}"
EndProject
Project("{9A19103F-16F7-4668-BE54-9A1E7A4F7556}") = "Eaf.OpenTelemetry", "..\EAF\src\Eaf.OpenTelemetry\Eaf.OpenTelemetry.csproj", "{DAD9C5FF-1E9A-47B2-8E3A-BCA4CACB014F}"
EndProject
Project("{9A19103F-16F7-4668-BE54-9A1E7A4F7556}") = "Eaf.EntityFrameworkCore.EFPlus", "..\EAF\src\Eaf.EntityFrameworkCore.EFPlus\Eaf.EntityFrameworkCore.EFPlus.csproj", "{8F50BCF4-2FA7-4CB5-9428-99C8472D5F40}"
EndProject

Global
	GlobalSection(SolutionConfigurationPlatforms) = preSolution
		Debug|Any CPU = Debug|Any CPU
		Release|Any CPU = Release|Any CPU
	EndGlobalSection
	GlobalSection(ProjectConfigurationPlatforms) = postSolution
		{9FC37C62-2105-4D32-9724-7323B959504B}.Debug|Any CPU.ActiveCfg = Debug|Any CPU
		{9FC37C62-2105-4D32-9724-7323B959504B}.Debug|Any CPU.Build.0 = Debug|Any CPU
		{9FC37C62-2105-4D32-9724-7323B959504B}.Release|Any CPU.ActiveCfg = Release|Any CPU
		{9FC37C62-2105-4D32-9724-7323B959504B}.Release|Any CPU.Build.0 = Release|Any CPU
		{0FA75A5B-AB83-4FD0-B545-279774C01E87}.Debug|Any CPU.ActiveCfg = Debug|Any CPU
		{0FA75A5B-AB83-4FD0-B545-279774C01E87}.Debug|Any CPU.Build.0 = Debug|Any CPU
		{0FA75A5B-AB83-4FD0-B545-279774C01E87}.Release|Any CPU.ActiveCfg = Release|Any CPU
		{0FA75A5B-AB83-4FD0-B545-279774C01E87}.Release|Any CPU.Build.0 = Release|Any CPU
		{3870C648-4AEA-4B85-BA3F-F2F63B96136A}.Debug|Any CPU.ActiveCfg = Debug|Any CPU
		{3870C648-4AEA-4B85-BA3F-F2F63B96136A}.Debug|Any CPU.Build.0 = Debug|Any CPU
		{3870C648-4AEA-4B85-BA3F-F2F63B96136A}.Release|Any CPU.ActiveCfg = Release|Any CPU
		{3870C648-4AEA-4B85-BA3F-F2F63B96136A}.Release|Any CPU.Build.0 = Release|Any CPU
		{0D4C5D00-C144-4213-A007-4B8944113AB1}.Debug|Any CPU.ActiveCfg = Debug|Any CPU
		{0D4C5D00-C144-4213-A007-4B8944113AB1}.Debug|Any CPU.Build.0 = Debug|Any CPU
		{0D4C5D00-C144-4213-A007-4B8944113AB1}.Release|Any CPU.ActiveCfg = Release|Any CPU
		{0D4C5D00-C144-4213-A007-4B8944113AB1}.Release|Any CPU.Build.0 = Release|Any CPU
		{7CAD3713-812A-4DE1-BDE3-59225B1E430A}.Debug|Any CPU.ActiveCfg = Debug|Any CPU
		{7CAD3713-812A-4DE1-BDE3-59225B1E430A}.Debug|Any CPU.Build.0 = Debug|Any CPU
		{7CAD3713-812A-4DE1-BDE3-59225B1E430A}.Release|Any CPU.ActiveCfg = Release|Any CPU
		{7CAD3713-812A-4DE1-BDE3-59225B1E430A}.Release|Any CPU.Build.0 = Release|Any CPU
		{A229F7D5-EE83-462E-8642-E9A2D5EA90FE}.Debug|Any CPU.ActiveCfg = Debug|Any CPU
		{A229F7D5-EE83-462E-8642-E9A2D5EA90FE}.Debug|Any CPU.Build.0 = Debug|Any CPU
		{A229F7D5-EE83-462E-8642-E9A2D5EA90FE}.Release|Any CPU.ActiveCfg = Release|Any CPU
		{A229F7D5-EE83-462E-8642-E9A2D5EA90FE}.Release|Any CPU.Build.0 = Release|Any CPU
		{32E9A551-7B0E-4D9E-B7CF-720A9550ADFD}.Debug|Any CPU.ActiveCfg = Debug|Any CPU
		{32E9A551-7B0E-4D9E-B7CF-720A9550ADFD}.Debug|Any CPU.Build.0 = Debug|Any CPU
		{32E9A551-7B0E-4D9E-B7CF-720A9550ADFD}.Release|Any CPU.ActiveCfg = Release|Any CPU
		{32E9A551-7B0E-4D9E-B7CF-720A9550ADFD}.Release|Any CPU.Build.0 = Release|Any CPU
		{BD02FF1C-6E0A-4127-AA2E-804019F89A99}.Debug|Any CPU.ActiveCfg = Debug|Any CPU
		{BD02FF1C-6E0A-4127-AA2E-804019F89A99}.Debug|Any CPU.Build.0 = Debug|Any CPU
		{BD02FF1C-6E0A-4127-AA2E-804019F89A99}.Release|Any CPU.ActiveCfg = Release|Any CPU
		{BD02FF1C-6E0A-4127-AA2E-804019F89A99}.Release|Any CPU.Build.0 = Release|Any CPU
		{9E2F6F7C-E92D-4C54-AD1A-A5BC52DFFEA0}.Debug|Any CPU.ActiveCfg = Debug|Any CPU
		{9E2F6F7C-E92D-4C54-AD1A-A5BC52DFFEA0}.Debug|Any CPU.Build.0 = Debug|Any CPU
		{9E2F6F7C-E92D-4C54-AD1A-A5BC52DFFEA0}.Release|Any CPU.ActiveCfg = Release|Any CPU
		{9E2F6F7C-E92D-4C54-AD1A-A5BC52DFFEA0}.Release|Any CPU.Build.0 = Release|Any CPU
		{8694A08E-53B4-47A4-AE26-A9DDB1920D76}.Debug|Any CPU.ActiveCfg = Debug|Any CPU
		{8694A08E-53B4-47A4-AE26-A9DDB1920D76}.Debug|Any CPU.Build.0 = Debug|Any CPU
		{8694A08E-53B4-47A4-AE26-A9DDB1920D76}.Release|Any CPU.ActiveCfg = Release|Any CPU
		{8694A08E-53B4-47A4-AE26-A9DDB1920D76}.Release|Any CPU.Build.0 = Release|Any CPU
		{EF9C7BF5-529B-4985-9C35-09C0F8F4DF9D}.Debug|Any CPU.ActiveCfg = Debug|Any CPU
		{EF9C7BF5-529B-4985-9C35-09C0F8F4DF9D}.Debug|Any CPU.Build.0 = Debug|Any CPU
		{EF9C7BF5-529B-4985-9C35-09C0F8F4DF9D}.Release|Any CPU.ActiveCfg = Release|Any CPU
		{EF9C7BF5-529B-4985-9C35-09C0F8F4DF9D}.Release|Any CPU.Build.0 = Release|Any CPU
		{963F2625-007F-4E12-AD35-D9BD35C57B18}.Debug|Any CPU.ActiveCfg = Debug|Any CPU
		{963F2625-007F-4E12-AD35-D9BD35C57B18}.Debug|Any CPU.Build.0 = Debug|Any CPU
		{963F2625-007F-4E12-AD35-D9BD35C57B18}.Release|Any CPU.ActiveCfg = Release|Any CPU
		{963F2625-007F-4E12-AD35-D9BD35C57B18}.Release|Any CPU.Build.0 = Release|Any CPU
		{4277C416-570F-440F-8E63-0F2510AA40E6}.Debug|Any CPU.ActiveCfg = Debug|Any CPU
		{4277C416-570F-440F-8E63-0F2510AA40E6}.Debug|Any CPU.Build.0 = Debug|Any CPU
		{4277C416-570F-440F-8E63-0F2510AA40E6}.Release|Any CPU.ActiveCfg = Release|Any CPU
		{4277C416-570F-440F-8E63-0F2510AA40E6}.Release|Any CPU.Build.0 = Release|Any CPU
		{33D0F426-C8AF-4A4C-A4A9-E77D90C51D16}.Debug|Any CPU.ActiveCfg = Debug|Any CPU
		{33D0F426-C8AF-4A4C-A4A9-E77D90C51D16}.Debug|Any CPU.Build.0 = Debug|Any CPU
		{33D0F426-C8AF-4A4C-A4A9-E77D90C51D16}.Release|Any CPU.ActiveCfg = Release|Any CPU
		{33D0F426-C8AF-4A4C-A4A9-E77D90C51D16}.Release|Any CPU.Build.0 = Release|Any CPU
		{0F96C938-F354-4D6A-A879-DE42DCF45FE7}.Debug|Any CPU.ActiveCfg = Debug|Any CPU
		{0F96C938-F354-4D6A-A879-DE42DCF45FE7}.Debug|Any CPU.Build.0 = Debug|Any CPU
		{0F96C938-F354-4D6A-A879-DE42DCF45FE7}.Release|Any CPU.ActiveCfg = Release|Any CPU
		{0F96C938-F354-4D6A-A879-DE42DCF45FE7}.Release|Any CPU.Build.0 = Release|Any CPU
		{DFE10BF4-A550-469D-A31A-CC17FD2BC5B7}.Debug|Any CPU.ActiveCfg = Debug|Any CPU
		{DFE10BF4-A550-469D-A31A-CC17FD2BC5B7}.Debug|Any CPU.Build.0 = Debug|Any CPU
		{DFE10BF4-A550-469D-A31A-CC17FD2BC5B7}.Release|Any CPU.ActiveCfg = Release|Any CPU
		{DFE10BF4-A550-469D-A31A-CC17FD2BC5B7}.Release|Any CPU.Build.0 = Release|Any CPU
		{DD0697B2-6759-47F7-9FCB-4B16ACB604F8}.Debug|Any CPU.ActiveCfg = Debug|Any CPU
		{DD0697B2-6759-47F7-9FCB-4B16ACB604F8}.Debug|Any CPU.Build.0 = Debug|Any CPU
		{DD0697B2-6759-47F7-9FCB-4B16ACB604F8}.Release|Any CPU.ActiveCfg = Release|Any CPU
		{DD0697B2-6759-47F7-9FCB-4B16ACB604F8}.Release|Any CPU.Build.0 = Release|Any CPU
		{17D5F200-EC21-41D2-B9F2-1B0D2B559127}.Debug|Any CPU.ActiveCfg = Debug|Any CPU
		{17D5F200-EC21-41D2-B9F2-1B0D2B559127}.Debug|Any CPU.Build.0 = Debug|Any CPU
		{17D5F200-EC21-41D2-B9F2-1B0D2B559127}.Release|Any CPU.ActiveCfg = Release|Any CPU
		{17D5F200-EC21-41D2-B9F2-1B0D2B559127}.Release|Any CPU.Build.0 = Release|Any CPU
		{CA045E12-7455-423C-93D1-F57B95C1DAB0}.Debug|Any CPU.ActiveCfg = Debug|Any CPU
		{CA045E12-7455-423C-93D1-F57B95C1DAB0}.Debug|Any CPU.Build.0 = Debug|Any CPU
		{CA045E12-7455-423C-93D1-F57B95C1DAB0}.Release|Any CPU.ActiveCfg = Release|Any CPU
		{CA045E12-7455-423C-93D1-F57B95C1DAB0}.Release|Any CPU.Build.0 = Release|Any CPU
		{1483F91E-B51F-49D7-9E73-19D0A7175A37}.Debug|Any CPU.ActiveCfg = Debug|Any CPU
		{1483F91E-B51F-49D7-9E73-19D0A7175A37}.Debug|Any CPU.Build.0 = Debug|Any CPU
		{1483F91E-B51F-49D7-9E73-19D0A7175A37}.Release|Any CPU.ActiveCfg = Release|Any CPU
		{1483F91E-B51F-49D7-9E73-19D0A7175A37}.Release|Any CPU.Build.0 = Release|Any CPU
		{224F7927-C100-4ABE-A8D4-6AE700DBC22A}.Debug|Any CPU.ActiveCfg = Debug|Any CPU
		{224F7927-C100-4ABE-A8D4-6AE700DBC22A}.Debug|Any CPU.Build.0 = Debug|Any CPU
		{224F7927-C100-4ABE-A8D4-6AE700DBC22A}.Release|Any CPU.ActiveCfg = Release|Any CPU
		{224F7927-C100-4ABE-A8D4-6AE700DBC22A}.Release|Any CPU.Build.0 = Release|Any CPU
		{4FF331FA-F4B3-4C0A-98C2-202B2662AA78}.Debug|Any CPU.ActiveCfg = Debug|Any CPU
		{4FF331FA-F4B3-4C0A-98C2-202B2662AA78}.Debug|Any CPU.Build.0 = Debug|Any CPU
		{4FF331FA-F4B3-4C0A-98C2-202B2662AA78}.Release|Any CPU.ActiveCfg = Release|Any CPU
		{4FF331FA-F4B3-4C0A-98C2-202B2662AA78}.Release|Any CPU.Build.0 = Release|Any CPU
		{7F20E551-6809-4D40-8D5B-27625B3302DE}.Debug|Any CPU.ActiveCfg = Debug|Any CPU
		{7F20E551-6809-4D40-8D5B-27625B3302DE}.Debug|Any CPU.Build.0 = Debug|Any CPU
		{7F20E551-6809-4D40-8D5B-27625B3302DE}.Release|Any CPU.ActiveCfg = Release|Any CPU
		{7F20E551-6809-4D40-8D5B-27625B3302DE}.Release|Any CPU.Build.0 = Release|Any CPU
		{D510E0D8-EAFA-470D-93ED-96BCC0B600AB}.Debug|Any CPU.ActiveCfg = Debug|Any CPU
		{D510E0D8-EAFA-470D-93ED-96BCC0B600AB}.Debug|Any CPU.Build.0 = Debug|Any CPU
		{D510E0D8-EAFA-470D-93ED-96BCC0B600AB}.Release|Any CPU.ActiveCfg = Release|Any CPU
		{D510E0D8-EAFA-470D-93ED-96BCC0B600AB}.Release|Any CPU.Build.0 = Release|Any CPU
		{ACB7E2F5-E7EC-49A0-B25F-4356B91C8881}.Debug|Any CPU.ActiveCfg = Debug|Any CPU
		{ACB7E2F5-E7EC-49A0-B25F-4356B91C8881}.Debug|Any CPU.Build.0 = Debug|Any CPU
		{ACB7E2F5-E7EC-49A0-B25F-4356B91C8881}.Release|Any CPU.ActiveCfg = Release|Any CPU
		{ACB7E2F5-E7EC-49A0-B25F-4356B91C8881}.Release|Any CPU.Build.0 = Release|Any CPU
		{245504EE-FB0F-40E8-9E8C-B50329E1B0AC}.Debug|Any CPU.ActiveCfg = Debug|Any CPU
		{245504EE-FB0F-40E8-9E8C-B50329E1B0AC}.Debug|Any CPU.Build.0 = Debug|Any CPU
		{245504EE-FB0F-40E8-9E8C-B50329E1B0AC}.Release|Any CPU.ActiveCfg = Release|Any CPU
		{245504EE-FB0F-40E8-9E8C-B50329E1B0AC}.Release|Any CPU.Build.0 = Release|Any CPU
		{4C3C3907-083F-45B8-B019-E61AEF40D616}.Debug|Any CPU.ActiveCfg = Debug|Any CPU
		{4C3C3907-083F-45B8-B019-E61AEF40D616}.Debug|Any CPU.Build.0 = Debug|Any CPU
		{4C3C3907-083F-45B8-B019-E61AEF40D616}.Release|Any CPU.ActiveCfg = Release|Any CPU
		{4C3C3907-083F-45B8-B019-E61AEF40D616}.Release|Any CPU.Build.0 = Release|Any CPU
		{1ABED069-B883-4D5B-8616-E0897CC46661}.Debug|Any CPU.ActiveCfg = Debug|Any CPU
		{1ABED069-B883-4D5B-8616-E0897CC46661}.Debug|Any CPU.Build.0 = Debug|Any CPU
		{1ABED069-B883-4D5B-8616-E0897CC46661}.Release|Any CPU.ActiveCfg = Release|Any CPU
		{1ABED069-B883-4D5B-8616-E0897CC46661}.Release|Any CPU.Build.0 = Release|Any CPU
		{A7282D84-F2A1-4CF2-9457-9425F956A9CB}.Debug|Any CPU.ActiveCfg = Debug|Any CPU
		{A7282D84-F2A1-4CF2-9457-9425F956A9CB}.Debug|Any CPU.Build.0 = Debug|Any CPU
		{A7282D84-F2A1-4CF2-9457-9425F956A9CB}.Release|Any CPU.ActiveCfg = Release|Any CPU
		{A7282D84-F2A1-4CF2-9457-9425F956A9CB}.Release|Any CPU.Build.0 = Release|Any CPU
		{3E805201-04BF-47E0-87F3-1BD11A441617}.Debug|Any CPU.ActiveCfg = Debug|Any CPU
		{3E805201-04BF-47E0-87F3-1BD11A441617}.Debug|Any CPU.Build.0 = Debug|Any CPU
		{3E805201-04BF-47E0-87F3-1BD11A441617}.Release|Any CPU.ActiveCfg = Release|Any CPU
		{3E805201-04BF-47E0-87F3-1BD11A441617}.Release|Any CPU.Build.0 = Release|Any CPU
		{D27347FA-BA7C-45E3-BC2C-237CF50FAE2F}.Debug|Any CPU.ActiveCfg = Debug|Any CPU
		{D27347FA-BA7C-45E3-BC2C-237CF50FAE2F}.Debug|Any CPU.Build.0 = Debug|Any CPU
		{D27347FA-BA7C-45E3-BC2C-237CF50FAE2F}.Release|Any CPU.ActiveCfg = Release|Any CPU
		{D27347FA-BA7C-45E3-BC2C-237CF50FAE2F}.Release|Any CPU.Build.0 = Release|Any CPU
		{9194B156-A547-4140-8600-E921D2522C85}.Debug|Any CPU.ActiveCfg = Debug|Any CPU
		{9194B156-A547-4140-8600-E921D2522C85}.Debug|Any CPU.Build.0 = Debug|Any CPU
		{9194B156-A547-4140-8600-E921D2522C85}.Release|Any CPU.ActiveCfg = Release|Any CPU
		{9194B156-A547-4140-8600-E921D2522C85}.Release|Any CPU.Build.0 = Release|Any CPU
		{9D5EF58D-BC34-4049-8768-8F2373C32EA5}.Debug|Any CPU.ActiveCfg = Debug|Any CPU
		{9D5EF58D-BC34-4049-8768-8F2373C32EA5}.Debug|Any CPU.Build.0 = Debug|Any CPU
		{9D5EF58D-BC34-4049-8768-8F2373C32EA5}.Release|Any CPU.ActiveCfg = Release|Any CPU
		{9D5EF58D-BC34-4049-8768-8F2373C32EA5}.Release|Any CPU.Build.0 = Release|Any CPU
		{07FCB38C-9864-486D-A1DA-379E5CAD512A}.Debug|Any CPU.ActiveCfg = Debug|Any CPU
		{07FCB38C-9864-486D-A1DA-379E5CAD512A}.Debug|Any CPU.Build.0 = Debug|Any CPU
		{07FCB38C-9864-486D-A1DA-379E5CAD512A}.Release|Any CPU.ActiveCfg = Release|Any CPU
		{07FCB38C-9864-486D-A1DA-379E5CAD512A}.Release|Any CPU.Build.0 = Release|Any CPU
		{5F446B7F-4221-4277-BCB8-F8D3C7E374FA}.Debug|Any CPU.ActiveCfg = Debug|Any CPU
		{5F446B7F-4221-4277-BCB8-F8D3C7E374FA}.Debug|Any CPU.Build.0 = Debug|Any CPU
		{5F446B7F-4221-4277-BCB8-F8D3C7E374FA}.Release|Any CPU.ActiveCfg = Release|Any CPU
		{5F446B7F-4221-4277-BCB8-F8D3C7E374FA}.Release|Any CPU.Build.0 = Release|Any CPU
		{DC9D144E-B9C4-46DA-8665-D806A81BC40B}.Debug|Any CPU.ActiveCfg = Debug|Any CPU
		{DC9D144E-B9C4-46DA-8665-D806A81BC40B}.Debug|Any CPU.Build.0 = Debug|Any CPU
		{DC9D144E-B9C4-46DA-8665-D806A81BC40B}.Release|Any CPU.ActiveCfg = Release|Any CPU
		{DC9D144E-B9C4-46DA-8665-D806A81BC40B}.Release|Any CPU.Build.0 = Release|Any CPU
		{63C7DFD2-CC5B-47AD-8C1A-FB0C78FD44A8}.Debug|Any CPU.ActiveCfg = Debug|Any CPU
		{63C7DFD2-CC5B-47AD-8C1A-FB0C78FD44A8}.Debug|Any CPU.Build.0 = Debug|Any CPU
		{63C7DFD2-CC5B-47AD-8C1A-FB0C78FD44A8}.Release|Any CPU.ActiveCfg = Release|Any CPU
		{63C7DFD2-CC5B-47AD-8C1A-FB0C78FD44A8}.Release|Any CPU.Build.0 = Release|Any CPU
		{7A618B2F-7803-4B94-892E-9C1BC1ED9BF4}.Debug|Any CPU.ActiveCfg = Debug|Any CPU
		{7A618B2F-7803-4B94-892E-9C1BC1ED9BF4}.Debug|Any CPU.Build.0 = Debug|Any CPU
		{7A618B2F-7803-4B94-892E-9C1BC1ED9BF4}.Release|Any CPU.ActiveCfg = Release|Any CPU
		{7A618B2F-7803-4B94-892E-9C1BC1ED9BF4}.Release|Any CPU.Build.0 = Release|Any CPU
		{DAD9C5FF-1E9A-47B2-8E3A-BCA4CACB014F}.Debug|Any CPU.ActiveCfg = Debug|Any CPU
		{DAD9C5FF-1E9A-47B2-8E3A-BCA4CACB014F}.Debug|Any CPU.Build.0 = Debug|Any CPU
		{DAD9C5FF-1E9A-47B2-8E3A-BCA4CACB014F}.Release|Any CPU.ActiveCfg = Release|Any CPU
		{DAD9C5FF-1E9A-47B2-8E3A-BCA4CACB014F}.Release|Any CPU.Build.0 = Release|Any CPU
		{8F50BCF4-2FA7-4CB5-9428-99C8472D5F40}.Debug|Any CPU.ActiveCfg = Debug|Any CPU
		{8F50BCF4-2FA7-4CB5-9428-99C8472D5F40}.Debug|Any CPU.Build.0 = Debug|Any CPU
		{8F50BCF4-2FA7-4CB5-9428-99C8472D5F40}.Release|Any CPU.ActiveCfg = Release|Any CPU
		{8F50BCF4-2FA7-4CB5-9428-99C8472D5F40}.Release|Any CPU.Build.0 = Release|Any CPU
	EndGlobalSection
	GlobalSection(SolutionProperties) = preSolution
		HideSolutionNode = FALSE
	EndGlobalSection
	GlobalSection(NestedProjects) = preSolution
		{9FC37C62-2105-4D32-9724-7323B959504B} = {AFAA0841-BD93-466F-B8F4-FB4EEC86F1FC}
		{0FA75A5B-AB83-4FD0-B545-279774C01E87} = {AFAA0841-BD93-466F-B8F4-FB4EEC86F1FC}
		{3870C648-4AEA-4B85-BA3F-F2F63B96136A} = {AFAA0841-BD93-466F-B8F4-FB4EEC86F1FC}
		{0D4C5D00-C144-4213-A007-4B8944113AB1} = {F10AA149-2626-486E-85BB-9CD5365F3016}
		{7CAD3713-812A-4DE1-BDE3-59225B1E430A} = {AFAA0841-BD93-466F-B8F4-FB4EEC86F1FC}
		{A229F7D5-EE83-462E-8642-E9A2D5EA90FE} = {AFAA0841-BD93-466F-B8F4-FB4EEC86F1FC}
		{32E9A551-7B0E-4D9E-B7CF-720A9550ADFD} = {F10AA149-2626-486E-85BB-9CD5365F3016}
		{BD02FF1C-6E0A-4127-AA2E-804019F89A99} = {F10AA149-2626-486E-85BB-9CD5365F3016}
		{9E2F6F7C-E92D-4C54-AD1A-A5BC52DFFEA0} = {A521AA20-9927-4910-A701-14658DA49CC5}
		{8694A08E-53B4-47A4-AE26-A9DDB1920D76} = {A521AA20-9927-4910-A701-14658DA49CC5}
		{EF9C7BF5-529B-4985-9C35-09C0F8F4DF9D} = {A521AA20-9927-4910-A701-14658DA49CC5}
		{963F2625-007F-4E12-AD35-D9BD35C57B18} = {A521AA20-9927-4910-A701-14658DA49CC5}
		{4277C416-570F-440F-8E63-0F2510AA40E6} = {A521AA20-9927-4910-A701-14658DA49CC5}
		{33D0F426-C8AF-4A4C-A4A9-E77D90C51D16} = {A521AA20-9927-4910-A701-14658DA49CC5}
		{0F96C938-F354-4D6A-A879-DE42DCF45FE7} = {A521AA20-9927-4910-A701-14658DA49CC5}
		{DFE10BF4-A550-469D-A31A-CC17FD2BC5B7} = {A521AA20-9927-4910-A701-14658DA49CC5}
		{DD0697B2-6759-47F7-9FCB-4B16ACB604F8} = {A521AA20-9927-4910-A701-14658DA49CC5}
		{17D5F200-EC21-41D2-B9F2-1B0D2B559127} = {A521AA20-9927-4910-A701-14658DA49CC5}
		{CA045E12-7455-423C-93D1-F57B95C1DAB0} = {A521AA20-9927-4910-A701-14658DA49CC5}
		{1483F91E-B51F-49D7-9E73-19D0A7175A37} = {A521AA20-9927-4910-A701-14658DA49CC5}
		{224F7927-C100-4ABE-A8D4-6AE700DBC22A} = {A521AA20-9927-4910-A701-14658DA49CC5}
		{4FF331FA-F4B3-4C0A-98C2-202B2662AA78} = {A521AA20-9927-4910-A701-14658DA49CC5}
		{7F20E551-6809-4D40-8D5B-27625B3302DE} = {A521AA20-9927-4910-A701-14658DA49CC5}
		{D510E0D8-EAFA-470D-93ED-96BCC0B600AB} = {A521AA20-9927-4910-A701-14658DA49CC5}
		{ACB7E2F5-E7EC-49A0-B25F-4356B91C8881} = {A521AA20-9927-4910-A701-14658DA49CC5}
		{245504EE-FB0F-40E8-9E8C-B50329E1B0AC} = {A521AA20-9927-4910-A701-14658DA49CC5}
		{4C3C3907-083F-45B8-B019-E61AEF40D616} = {A521AA20-9927-4910-A701-14658DA49CC5}
		{1ABED069-B883-4D5B-8616-E0897CC46661} = {A521AA20-9927-4910-A701-14658DA49CC5}
		{A7282D84-F2A1-4CF2-9457-9425F956A9CB} = {A521AA20-9927-4910-A701-14658DA49CC5}
		{3E805201-04BF-47E0-87F3-1BD11A441617} = {A521AA20-9927-4910-A701-14658DA49CC5}
		{D27347FA-BA7C-45E3-BC2C-237CF50FAE2F} = {A521AA20-9927-4910-A701-14658DA49CC5}
		{9194B156-A547-4140-8600-E921D2522C85} = {A521AA20-9927-4910-A701-14658DA49CC5}
		{9D5EF58D-BC34-4049-8768-8F2373C32EA5} = {A521AA20-9927-4910-A701-14658DA49CC5}
		{07FCB38C-9864-486D-A1DA-379E5CAD512A} = {A521AA20-9927-4910-A701-14658DA49CC5}
		{5F446B7F-4221-4277-BCB8-F8D3C7E374FA} = {A521AA20-9927-4910-A701-14658DA49CC5}
		{DC9D144E-B9C4-46DA-8665-D806A81BC40B} = {A521AA20-9927-4910-A701-14658DA49CC5}
		{63C7DFD2-CC5B-47AD-8C1A-FB0C78FD44A8} = {A521AA20-9927-4910-A701-14658DA49CC5}
		{7A618B2F-7803-4B94-892E-9C1BC1ED9BF4} = {A521AA20-9927-4910-A701-14658DA49CC5}
		{DAD9C5FF-1E9A-47B2-8E3A-BCA4CACB014F} = {A521AA20-9927-4910-A701-14658DA49CC5}
		{8F50BCF4-2FA7-4CB5-9428-99C8472D5F40} = {A521AA20-9927-4910-A701-14658DA49CC5}
	EndGlobalSection
	GlobalSection(ExtensibilityGlobals) = postSolution
		SolutionGuid = {23CD4D4B-B131-473D-9ECB-5DD96E739671}
	EndGlobalSection
EndGlobal
